
Microsoft Visual Studio Solution File, Format Version 12.00
# Visual Studio Version 17
VisualStudioVersion = 17.9.34728.123
MinimumVisualStudioVersion = 10.0.40219.1
Project("{9A19103F-16F7-4668-BE54-9A1E7A4F7556}") = "WinFormsApp7", "WinFormsApp7\WinFormsApp7.csproj", "{825F0EB7-1587-4DF2-B90A-9C6848CCAC76}"
EndProject
Project("{9A19103F-16F7-4668-BE54-9A1E7A4F7556}") = "WinFormsApp8", "WinFormsApp8\WinFormsApp8\WinFormsApp8.csproj", "{EAB5AB86-FC00-49FE-81D9-75D1481F90CF}"
EndProject
Global
	GlobalSection(SolutionConfigurationPlatforms) = preSolution
		Debug|Any CPU = Debug|Any CPU
		Release|Any CPU = Release|Any CPU
	EndGlobalSection
	GlobalSection(ProjectConfigurationPlatforms) = postSolution
		{825F0EB7-1587-4DF2-B90A-9C6848CCAC76}.Debug|Any CPU.ActiveCfg = Debug|Any CPU
		{825F0EB7-1587-4DF2-B90A-9C6848CCAC76}.Debug|Any CPU.Build.0 = Debug|Any CPU
		{825F0EB7-1587-4DF2-B90A-9C6848CCAC76}.Release|Any CPU.ActiveCfg = Release|Any CPU
		{825F0EB7-1587-4DF2-B90A-9C6848CCAC76}.Release|Any CPU.Build.0 = Release|Any CPU
		{EAB5AB86-FC00-49FE-81D9-75D1481F90CF}.Debug|Any CPU.ActiveCfg = Debug|Any CPU
		{EAB5AB86-FC00-49FE-81D9-75D1481F90CF}.Debug|Any CPU.Build.0 = Debug|Any CPU
		{EAB5AB86-FC00-49FE-81D9-75D1481F90CF}.Release|Any CPU.ActiveCfg = Release|Any CPU
		{EAB5AB86-FC00-49FE-81D9-75D1481F90CF}.Release|Any CPU.Build.0 = Release|Any CPU
	EndGlobalSection
	GlobalSection(SolutionProperties) = preSolution
		HideSolutionNode = FALSE
	EndGlobalSection
	GlobalSection(ExtensibilityGlobals) = postSolution
		SolutionGuid = {17CD1FAE-6893-4928-91D7-17A333DFC31D}
	EndGlobalSection
EndGlobal
